// !$*UTF8*$!
{
	archiveVersion = 1;
	classes = {
	};
	objectVersion = 46;
	objects = {

/* Begin PBXBuildFile section */
		122F0C1D1E49ED11001FB7B4 /* AppDelegate.swift in Sources */ = {isa = PBXBuildFile; fileRef = 122F0C1C1E49ED11001FB7B4 /* AppDelegate.swift */; };
		122F0C1F1E49ED11001FB7B4 /* ViewController.swift in Sources */ = {isa = PBXBuildFile; fileRef = 122F0C1E1E49ED11001FB7B4 /* ViewController.swift */; };
		122F0C221E49ED11001FB7B4 /* Main.storyboard in Resources */ = {isa = PBXBuildFile; fileRef = 122F0C201E49ED11001FB7B4 /* Main.storyboard */; };
		122F0C241E49ED11001FB7B4 /* Assets.xcassets in Resources */ = {isa = PBXBuildFile; fileRef = 122F0C231E49ED11001FB7B4 /* Assets.xcassets */; };
		122F0C271E49ED11001FB7B4 /* LaunchScreen.storyboard in Resources */ = {isa = PBXBuildFile; fileRef = 122F0C251E49ED11001FB7B4 /* LaunchScreen.storyboard */; };
/* End PBXBuildFile section */

/* Begin PBXFileReference section */
		122F0C191E49ED11001FB7B4 /* pincode.app */ = {isa = PBXFileReference; explicitFileType = wrapper.application; includeInIndex = 0; path = pincode.app; sourceTree = BUILT_PRODUCTS_DIR; };
		122F0C1C1E49ED11001FB7B4 /* AppDelegate.swift */ = {isa = PBXFileReference; lastKnownFileType = sourcecode.swift; path = AppDelegate.swift; sourceTree = "<group>"; };
		122F0C1E1E49ED11001FB7B4 /* ViewController.swift */ = {isa = PBXFileReference; lastKnownFileType = sourcecode.swift; path = ViewController.swift; sourceTree = "<group>"; };
		122F0C211E49ED11001FB7B4 /* Base */ = {isa = PBXFileReference; lastKnownFileType = file.storyboard; name = Base; path = Base.lproj/Main.storyboard; sourceTree = "<group>"; };
		122F0C231E49ED11001FB7B4 /* Assets.xcassets */ = {isa = PBXFileReference; lastKnownFileType = folder.assetcatalog; path = Assets.xcassets; sourceTree = "<group>"; };
		122F0C261E49ED11001FB7B4 /* Base */ = {isa = PBXFileReference; lastKnownFileType = file.storyboard; name = Base; path = Base.lproj/LaunchScreen.storyboard; sourceTree = "<group>"; };
		122F0C281E49ED11001FB7B4 /* Info.plist */ = {isa = PBXFileReference; lastKnownFileType = text.plist.xml; path = Info.plist; sourceTree = "<group>"; };
/* End PBXFileReference section */

/* Begin PBXFrameworksBuildPhase section */
		122F0C161E49ED11001FB7B4 /* Frameworks */ = {
			isa = PBXFrameworksBuildPhase;
			buildActionMask = 2147483647;
			files = (
			);
			runOnlyForDeploymentPostprocessing = 0;
		};
/* End PBXFrameworksBuildPhase section */

/* Begin PBXGroup section */
		122F0C101E49ED11001FB7B4 = {
			isa = PBXGroup;
			children = (
				122F0C1B1E49ED11001FB7B4 /* pincode */,
				122F0C1A1E49ED11001FB7B4 /* Products */,
			);
			sourceTree = "<group>";
		};
		122F0C1A1E49ED11001FB7B4 /* Products */ = {
			isa = PBXGroup;
			children = (
				122F0C191E49ED11001FB7B4 /* pincode.app */,
			);
			name = Products;
			sourceTree = "<group>";
		};
		122F0C1B1E49ED11001FB7B4 /* pincode */ = {
			isa = PBXGroup;
			children = (
				122F0C1C1E49ED11001FB7B4 /* AppDelegate.swift */,
				122F0C1E1E49ED11001FB7B4 /* ViewController.swift */,
				122F0C201E49ED11001FB7B4 /* Main.storyboard */,
				122F0C231E49ED11001FB7B4 /* Assets.xcassets */,
				122F0C251E49ED11001FB7B4 /* LaunchScreen.storyboard */,
				122F0C281E49ED11001FB7B4 /* Info.plist */,
			);
			path = pincode;
			sourceTree = "<group>";
		};
/* End PBXGroup section */

/* Begin PBXNativeTarget section */
		122F0C181E49ED11001FB7B4 /* pincode */ = {
			isa = PBXNativeTarget;
			buildConfigurationList = 122F0C2B1E49ED11001FB7B4 /* Build configuration list for PBXNativeTarget "pincode" */;
			buildPhases = (
				122F0C151E49ED11001FB7B4 /* Sources */,
				122F0C161E49ED11001FB7B4 /* Frameworks */,
				122F0C171E49ED11001FB7B4 /* Resources */,
			);
			buildRules = (
			);
			dependencies = (
			);
			name = pincode;
			productName = pincode;
			productReference = 122F0C191E49ED11001FB7B4 /* pincode.app */;
			productType = "com.apple.product-type.application";
		};
/* End PBXNativeTarget section */

/* Begin PBXProject section */
		122F0C111E49ED11001FB7B4 /* Project object */ = {
			isa = PBXProject;
			attributes = {
				LastSwiftUpdateCheck = 0820;
				LastUpgradeCheck = 0820;
				ORGANIZATIONNAME = Yagnik;
				TargetAttributes = {
					122F0C181E49ED11001FB7B4 = {
						CreatedOnToolsVersion = 8.2;
						ProvisioningStyle = Automatic;
					};
				};
			};
			buildConfigurationList = 122F0C141E49ED11001FB7B4 /* Build configuration list for PBXProject "pincode" */;
			compatibilityVersion = "Xcode 3.2";
			developmentRegion = English;
			hasScannedForEncodings = 0;
			knownRegions = (
				en,
				Base,
			);
			mainGroup = 122F0C101E49ED11001FB7B4;
			productRefGroup = 122F0C1A1E49ED11001FB7B4 /* Products */;
			projectDirPath = "";
			projectRoot = "";
			targets = (
				122F0C181E49ED11001FB7B4 /* pincode */,
			);
		};
/* End PBXProject section */

/* Begin PBXResourcesBuildPhase section */
		122F0C171E49ED11001FB7B4 /* Resources */ = {
			isa = PBXResourcesBuildPhase;
			buildActionMask = 2147483647;
			files = (
				122F0C271E49ED11001FB7B4 /* LaunchScreen.storyboard in Resources */,
				122F0C241E49ED11001FB7B4 /* Assets.xcassets in Resources */,
				122F0C221E49ED11001FB7B4 /* Main.storyboard in Resources */,
			);
			runOnlyForDeploymentPostprocessing = 0;
		};
/* End PBXResourcesBuildPhase section */

/* Begin PBXSourcesBuildPhase section */
		122F0C151E49ED11001FB7B4 /* Sources */ = {
			isa = PBXSourcesBuildPhase;
			buildActionMask = 2147483647;
			files = (
				122F0C1F1E49ED11001FB7B4 /* ViewController.swift in Sources */,
				122F0C1D1E49ED11001FB7B4 /* AppDelegate.swift in Sources */,
			);
			runOnlyForDeploymentPostprocessing = 0;
		};
/* End PBXSourcesBuildPhase section */

/* Begin PBXVariantGroup section */
		122F0C201E49ED11001FB7B4 /* Main.storyboard */ = {
			isa = PBXVariantGroup;
			children = (
				122F0C211E49ED11001FB7B4 /* Base */,
			);
			name = Main.storyboard;
			sourceTree = "<group>";
		};
		122F0C251E49ED11001FB7B4 /* LaunchScreen.storyboard */ = {
			isa = PBXVariantGroup;
			children = (
				122F0C261E49ED11001FB7B4 /* Base */,
			);
			name = LaunchScreen.storyboard;
			sourceTree = "<group>";
		};
/* End PBXVariantGroup section */

/* Begin XCBuildConfiguration section */
		122F0C291E49ED11001FB7B4 /* Debug */ = {
			isa = XCBuildConfiguration;
			buildSettings = {
				ALWAYS_SEARCH_USER_PATHS = NO;
				CLANG_ANALYZER_NONNULL = YES;
				CLANG_CXX_LANGUAGE_STANDARD = "gnu++0x";
				CLANG_CXX_LIBRARY = "libc++";
				CLANG_ENABLE_MODULES = YES;
				CLANG_ENABLE_OBJC_ARC = YES;
				CLANG_WARN_BOOL_CONVERSION = YES;
				CLANG_WARN_CONSTANT_CONVERSION = YES;
				CLANG_WARN_DIRECT_OBJC_ISA_USAGE = YES_ERROR;
				CLANG_WARN_DOCUMENTATION_COMMENTS = YES;
				CLANG_WARN_EMPTY_BODY = YES;
				CLANG_WARN_ENUM_CONVERSION = YES;
				CLANG_WARN_INFINITE_RECURSION = YES;
				CLANG_WARN_INT_CONVERSION = YES;
				CLANG_WARN_OBJC_ROOT_CLASS = YES_ERROR;
				CLANG_WARN_SUSPICIOUS_MOVE = YES;
				CLANG_WARN_UNREACHABLE_CODE = YES;
				CLANG_WARN__DUPLICATE_METHOD_MATCH = YES;
				"CODE_SIGN_IDENTITY[sdk=iphoneos*]" = "iPhone Developer";
				COPY_PHASE_STRIP = NO;
				DEBUG_INFORMATION_FORMAT = dwarf;
				ENABLE_STRICT_OBJC_MSGSEND = YES;
				ENABLE_TESTABILITY = YES;
				GCC_C_LANGUAGE_STANDARD = gnu99;
				GCC_DYNAMIC_NO_PIC = NO;
				GCC_NO_COMMON_BLOCKS = YES;
				GCC_OPTIMIZATION_LEVEL = 0;
				GCC_PREPROCESSOR_DEFINITIONS = (
					"DEBUG=1",
					"$(inherited)",
				);
				GCC_WARN_64_TO_32_BIT_CONVERSION = YES;
				GCC_WARN_ABOUT_RETURN_TYPE = YES_ERROR;
				GCC_WARN_UNDECLARED_SELECTOR = YES;
				GCC_WARN_UNINITIALIZED_AUTOS = YES_AGGRESSIVE;
				GCC_WARN_UNUSED_FUNCTION = YES;
				GCC_WARN_UNUSED_VARIABLE = YES;
				IPHONEOS_DEPLOYMENT_TARGET = 10.2;
				MTL_ENABLE_DEBUG_INFO = YES;
				ONLY_ACTIVE_ARCH = YES;
				SDKROOT = iphoneos;
				SWIFT_ACTIVE_COMPILATION_CONDITIONS = DEBUG;
				SWIFT_OPTIMIZATION_LEVEL = "-Onone";
				TARGETED_DEVICE_FAMILY = "1,2";
			};
			name = Debug;
		};
		122F0C2A1E49ED11001FB7B4 /* Release */ = {
			isa = XCBuildConfiguration;
			buildSettings = {
				ALWAYS_SEARCH_USER_PATHS = NO;
				CLANG_ANALYZER_NONNULL = YES;
				CLANG_CXX_LANGUAGE_STANDARD = "gnu++0x";
				CLANG_CXX_LIBRARY = "libc++";
				CLANG_ENABLE_MODULES = YES;
				CLANG_ENABLE_OBJC_ARC = YES;
				CLANG_WARN_BOOL_CONVERSION = YES;
				CLANG_WARN_CONSTANT_CONVERSION = YES;
				CLANG_WARN_DIRECT_OBJC_ISA_USAGE = YES_ERROR;
				CLANG_WARN_DOCUMENTATION_COMMENTS = YES;
				CLANG_WARN_EMPTY_BODY = YES;
				CLANG_WARN_ENUM_CONVERSION = YES;
				CLANG_WARN_INFINITE_RECURSION = YES;
				CLANG_WARN_INT_CONVERSION = YES;
				CLANG_WARN_OBJC_ROOT_CLASS = YES_ERROR;
				CLANG_WARN_SUSPICIOUS_MOVE = YES;
				CLANG_WARN_UNREACHABLE_CODE = YES;
				CLANG_WARN__DUPLICATE_METHOD_MATCH = YES;
				"CODE_SIGN_IDENTITY[sdk=iphoneos*]" = "iPhone Developer";
				COPY_PHASE_STRIP = NO;
				DEBUG_INFORMATION_FORMAT = "dwarf-with-dsym";
				ENABLE_NS_ASSERTIONS = NO;
				ENABLE_STRICT_OBJC_MSGSEND = YES;
				GCC_C_LANGUAGE_STANDARD = gnu99;
				GCC_NO_COMMON_BLOCKS = YES;
				GCC_WARN_64_TO_32_BIT_CONVERSION = YES;
				GCC_WARN_ABOUT_RETURN_TYPE = YES_ERROR;
				GCC_WARN_UNDECLARED_SELECTOR = YES;
				GCC_WARN_UNINITIALIZED_AUTOS = YES_AGGRESSIVE;
				GCC_WARN_UNUSED_FUNCTION = YES;
				GCC_WARN_UNUSED_VARIABLE = YES;
				IPHONEOS_DEPLOYMENT_TARGET = 10.2;
				MTL_ENABLE_DEBUG_INFO = NO;
				SDKROOT = iphoneos;
				SWIFT_OPTIMIZATION_LEVEL = "-Owholemodule";
				TARGETED_DEVICE_FAMILY = "1,2";
				VALIDATE_PRODUCT = YES;
			};
			name = Release;
		};
		122F0C2C1E49ED11001FB7B4 /* Debug */ = {
			isa = XCBuildConfiguration;
			buildSettings = {
				ASSETCATALOG_COMPILER_APPICON_NAME = AppIcon;
				INFOPLIST_FILE = pincode/Info.plist;
				LD_RUNPATH_SEARCH_PATHS = "$(inherited) @executable_path/Frameworks";
				PRODUCT_BUNDLE_IDENTIFIER = ecosmob.pincode;
				PRODUCT_NAME = "$(TARGET_NAME)";
				SWIFT_VERSION = 3.0;
			};
			name = Debug;
		};
		122F0C2D1E49ED11001FB7B4 /* Release */ = {
			isa = XCBuildConfiguration;
			buildSettings = {
				ASSETCATALOG_COMPILER_APPICON_NAME = AppIcon;
				INFOPLIST_FILE = pincode/Info.plist;
				LD_RUNPATH_SEARCH_PATHS = "$(inherited) @executable_path/Frameworks";
				PRODUCT_BUNDLE_IDENTIFIER = ecosmob.pincode;
				PRODUCT_NAME = "$(TARGET_NAME)";
				SWIFT_VERSION = 3.0;
			};
			name = Release;
		};
/* End XCBuildConfiguration section */

/* Begin XCConfigurationList section */
		122F0C141E49ED11001FB7B4 /* Build configuration list for PBXProject "pincode" */ = {
			isa = XCConfigurationList;
			buildConfigurations = (
				122F0C291E49ED11001FB7B4 /* Debug */,
				122F0C2A1E49ED11001FB7B4 /* Release */,
			);
			defaultConfigurationIsVisible = 0;
			defaultConfigurationName = Release;
		};
		122F0C2B1E49ED11001FB7B4 /* Build configuration list for PBXNativeTarget "pincode" */ = {
			isa = XCConfigurationList;
			buildConfigurations = (
				122F0C2C1E49ED11001FB7B4 /* Debug */,
				122F0C2D1E49ED11001FB7B4 /* Release */,
			);
			defaultConfigurationIsVisible = 0;
		};
/* End XCConfigurationList section */
	};
	rootObject = 122F0C111E49ED11001FB7B4 /* Project object */;
}
